
Microsoft Visual Studio Solution File, Format Version 12.00
# Visual Studio Version 16
VisualStudioVersion = 16.0.31105.61
MinimumVisualStudioVersion = 10.0.40219.1
Project("{FAE04EC0-301F-11D3-BF4B-00C04F79EFBC}") = "Proyecto1", "Proyecto1.csproj", "{1C7500DD-EE57-43D8-924E-263F32ED3B64}"
EndProject
Global
	GlobalSection(SolutionConfigurationPlatforms) = preSolution
		Debug|Any CPU = Debug|Any CPU
		Release|Any CPU = Release|Any CPU
	EndGlobalSection
	GlobalSection(ProjectConfigurationPlatforms) = postSolution
		{1C7500DD-EE57-43D8-924E-263F32ED3B64}.Debug|Any CPU.ActiveCfg = Debug|Any CPU
		{1C7500DD-EE57-43D8-924E-263F32ED3B64}.Debug|Any CPU.Build.0 = Debug|Any CPU
		{1C7500DD-EE57-43D8-924E-263F32ED3B64}.Release|Any CPU.ActiveCfg = Release|Any CPU
		{1C7500DD-EE57-43D8-924E-263F32ED3B64}.Release|Any CPU.Build.0 = Release|Any CPU
	EndGlobalSection
	GlobalSection(SolutionProperties) = preSolution
		HideSolutionNode = FALSE
	EndGlobalSection
	GlobalSection(ExtensibilityGlobals) = postSolution
		SolutionGuid = {64CAAC70-DD17-45D6-9C4D-DC41C8AFFAB8}
	EndGlobalSection
EndGlobal
